
Microsoft Visual Studio Solution File, Format Version 12.00
# Visual Studio 15
VisualStudioVersion = 15.0.28307.329
MinimumVisualStudioVersion = 10.0.40219.1
Project("{FAE04EC0-301F-11D3-BF4B-00C04F79EFBC}") = "ConsoleApp1", "ConsoleApp1\ConsoleApp1.csproj", "{11847525-2F29-4719-921F-8B60AFAF3005}"
EndProject
Global
	GlobalSection(SolutionConfigurationPlatforms) = preSolution
		Debug|Any CPU = Debug|Any CPU
		Release|Any CPU = Release|Any CPU
	EndGlobalSection
	GlobalSection(ProjectConfigurationPlatforms) = postSolution
		{11847525-2F29-4719-921F-8B60AFAF3005}.Debug|Any CPU.ActiveCfg = Debug|Any CPU
		{11847525-2F29-4719-921F-8B60AFAF3005}.Debug|Any CPU.Build.0 = Debug|Any CPU
		{11847525-2F29-4719-921F-8B60AFAF3005}.Release|Any CPU.ActiveCfg = Release|Any CPU
		{11847525-2F29-4719-921F-8B60AFAF3005}.Release|Any CPU.Build.0 = Release|Any CPU
	EndGlobalSection
	GlobalSection(SolutionProperties) = preSolution
		HideSolutionNode = FALSE
	EndGlobalSection
	GlobalSection(ExtensibilityGlobals) = postSolution
		SolutionGuid = {9BB91716-B4EC-4DEE-A96F-3CDE4C71D4E6}
	EndGlobalSection
EndGlobal
